{
  "name": "disco",
  "version": "1.0.0",
  "lockfileVersion": 1,
  "requires": true,
  "dependencies": {
    "game-timer": {
      "version": "1.0.1",
      "resolved": "https://registry.npmjs.org/game-timer/-/game-timer-1.0.1.tgz",
      "integrity": "sha1-NXaJsTHwTZG0ikPVUZBmVs0iO+4="
    }
  }
}
